
Microsoft Visual Studio Solution File, Format Version 12.00
# Visual Studio Version 16
VisualStudioVersion = 16.0.30011.22
MinimumVisualStudioVersion = 10.0.40219.1
Project("{FAE04EC0-301F-11D3-BF4B-00C04F79EFBC}") = "Railpass.Azure", "Railpass.Functions\Railpass.Azure.csproj", "{6AFD6FEC-ACDE-4ACE-94BA-86212E15F2BC}"
EndProject
Project("{FAE04EC0-301F-11D3-BF4B-00C04F79EFBC}") = "Railpass.Core", "..\Railpass.Core\Railpass.Core.csproj", "{1943831C-0489-44AE-9F11-E1840B2BD375}"
EndProject
Global
	GlobalSection(SolutionConfigurationPlatforms) = preSolution
		Debug|Any CPU = Debug|Any CPU
		Release|Any CPU = Release|Any CPU
	EndGlobalSection
	GlobalSection(ProjectConfigurationPlatforms) = postSolution
		{6AFD6FEC-ACDE-4ACE-94BA-86212E15F2BC}.Debug|Any CPU.ActiveCfg = Debug|Any CPU
		{6AFD6FEC-ACDE-4ACE-94BA-86212E15F2BC}.Debug|Any CPU.Build.0 = Debug|Any CPU
		{6AFD6FEC-ACDE-4ACE-94BA-86212E15F2BC}.Release|Any CPU.ActiveCfg = Release|Any CPU
		{6AFD6FEC-ACDE-4ACE-94BA-86212E15F2BC}.Release|Any CPU.Build.0 = Release|Any CPU
		{1943831C-0489-44AE-9F11-E1840B2BD375}.Debug|Any CPU.ActiveCfg = Debug|Any CPU
		{1943831C-0489-44AE-9F11-E1840B2BD375}.Debug|Any CPU.Build.0 = Debug|Any CPU
		{1943831C-0489-44AE-9F11-E1840B2BD375}.Release|Any CPU.ActiveCfg = Release|Any CPU
		{1943831C-0489-44AE-9F11-E1840B2BD375}.Release|Any CPU.Build.0 = Release|Any CPU
	EndGlobalSection
	GlobalSection(SolutionProperties) = preSolution
		HideSolutionNode = FALSE
	EndGlobalSection
	GlobalSection(ExtensibilityGlobals) = postSolution
		SolutionGuid = {5FFA99B9-7399-4D02-B741-47D438211AF7}
	EndGlobalSection
EndGlobal
